
Microsoft Visual Studio Solution File, Format Version 12.00
# Visual Studio Version 16
VisualStudioVersion = 16.0.30907.101
MinimumVisualStudioVersion = 10.0.40219.1
Project("{FAE04EC0-301F-11D3-BF4B-00C04F79EFBC}") = "Collections", "Collections\Collections.csproj", "{BB631673-967A-492B-908E-14B866ADDA79}"
EndProject
Global
	GlobalSection(SolutionConfigurationPlatforms) = preSolution
		Debug|Any CPU = Debug|Any CPU
		Release|Any CPU = Release|Any CPU
	EndGlobalSection
	GlobalSection(ProjectConfigurationPlatforms) = postSolution
		{BB631673-967A-492B-908E-14B866ADDA79}.Debug|Any CPU.ActiveCfg = Debug|Any CPU
		{BB631673-967A-492B-908E-14B866ADDA79}.Debug|Any CPU.Build.0 = Debug|Any CPU
		{BB631673-967A-492B-908E-14B866ADDA79}.Release|Any CPU.ActiveCfg = Release|Any CPU
		{BB631673-967A-492B-908E-14B866ADDA79}.Release|Any CPU.Build.0 = Release|Any CPU
	EndGlobalSection
	GlobalSection(SolutionProperties) = preSolution
		HideSolutionNode = FALSE
	EndGlobalSection
	GlobalSection(ExtensibilityGlobals) = postSolution
		SolutionGuid = {5294CD68-F334-4A63-A47B-08540DA1B7F0}
	EndGlobalSection
EndGlobal
